
Microsoft Visual Studio Solution File, Format Version 12.00
# Visual Studio 14
VisualStudioVersion = 14.0.24720.0
MinimumVisualStudioVersion = 10.0.40219.1
Project("{FAE04EC0-301F-11D3-BF4B-00C04F79EFBC}") = "Variables", "Variables\Variables.csproj", "{020E7B8C-25D6-4A8F-9FFE-FCCD23261F9A}"
EndProject
Project("{FAE04EC0-301F-11D3-BF4B-00C04F79EFBC}") = "Ley de Coulomb", "Ley de Coulomb\Ley de Coulomb.csproj", "{436133F3-8A22-4673-9E35-5BA384A51BDC}"
EndProject
Project("{FAE04EC0-301F-11D3-BF4B-00C04F79EFBC}") = "AreaCirculoRectanguloCarreta", "AreaCirculoRectanguloCarreta\AreaCirculoRectanguloCarreta.csproj", "{DDD14418-9F89-4E63-B1D0-5657E1199601}"
EndProject
Project("{FAE04EC0-301F-11D3-BF4B-00C04F79EFBC}") = "PicoYplaca", "PicoYplaca\PicoYplaca.csproj", "{6B3EDD67-F3F5-4684-9154-A06C517A1C54}"
EndProject
Project("{FAE04EC0-301F-11D3-BF4B-00C04F79EFBC}") = "MaximoDosNumeros", "MaximoDosNumeros\MaximoDosNumeros.csproj", "{1CE9D04F-EC0A-4AC7-8C22-AC5685898601}"
EndProject
Project("{FAE04EC0-301F-11D3-BF4B-00C04F79EFBC}") = "ImpresionImpares", "ImpresionImpares\ImpresionImpares.csproj", "{5B5FEA73-5A8E-4F91-ADA5-76A3733BE5EA}"
EndProject
Global
	GlobalSection(SolutionConfigurationPlatforms) = preSolution
		Debug|Any CPU = Debug|Any CPU
		Release|Any CPU = Release|Any CPU
	EndGlobalSection
	GlobalSection(ProjectConfigurationPlatforms) = postSolution
		{020E7B8C-25D6-4A8F-9FFE-FCCD23261F9A}.Debug|Any CPU.ActiveCfg = Debug|Any CPU
		{020E7B8C-25D6-4A8F-9FFE-FCCD23261F9A}.Debug|Any CPU.Build.0 = Debug|Any CPU
		{020E7B8C-25D6-4A8F-9FFE-FCCD23261F9A}.Release|Any CPU.ActiveCfg = Release|Any CPU
		{020E7B8C-25D6-4A8F-9FFE-FCCD23261F9A}.Release|Any CPU.Build.0 = Release|Any CPU
		{436133F3-8A22-4673-9E35-5BA384A51BDC}.Debug|Any CPU.ActiveCfg = Debug|Any CPU
		{436133F3-8A22-4673-9E35-5BA384A51BDC}.Debug|Any CPU.Build.0 = Debug|Any CPU
		{436133F3-8A22-4673-9E35-5BA384A51BDC}.Release|Any CPU.ActiveCfg = Release|Any CPU
		{436133F3-8A22-4673-9E35-5BA384A51BDC}.Release|Any CPU.Build.0 = Release|Any CPU
		{DDD14418-9F89-4E63-B1D0-5657E1199601}.Debug|Any CPU.ActiveCfg = Debug|Any CPU
		{DDD14418-9F89-4E63-B1D0-5657E1199601}.Debug|Any CPU.Build.0 = Debug|Any CPU
		{DDD14418-9F89-4E63-B1D0-5657E1199601}.Release|Any CPU.ActiveCfg = Release|Any CPU
		{DDD14418-9F89-4E63-B1D0-5657E1199601}.Release|Any CPU.Build.0 = Release|Any CPU
		{6B3EDD67-F3F5-4684-9154-A06C517A1C54}.Debug|Any CPU.ActiveCfg = Debug|Any CPU
		{6B3EDD67-F3F5-4684-9154-A06C517A1C54}.Debug|Any CPU.Build.0 = Debug|Any CPU
		{6B3EDD67-F3F5-4684-9154-A06C517A1C54}.Release|Any CPU.ActiveCfg = Release|Any CPU
		{6B3EDD67-F3F5-4684-9154-A06C517A1C54}.Release|Any CPU.Build.0 = Release|Any CPU
		{1CE9D04F-EC0A-4AC7-8C22-AC5685898601}.Debug|Any CPU.ActiveCfg = Debug|Any CPU
		{1CE9D04F-EC0A-4AC7-8C22-AC5685898601}.Debug|Any CPU.Build.0 = Debug|Any CPU
		{1CE9D04F-EC0A-4AC7-8C22-AC5685898601}.Release|Any CPU.ActiveCfg = Release|Any CPU
		{1CE9D04F-EC0A-4AC7-8C22-AC5685898601}.Release|Any CPU.Build.0 = Release|Any CPU
		{5B5FEA73-5A8E-4F91-ADA5-76A3733BE5EA}.Debug|Any CPU.ActiveCfg = Debug|Any CPU
		{5B5FEA73-5A8E-4F91-ADA5-76A3733BE5EA}.Debug|Any CPU.Build.0 = Debug|Any CPU
		{5B5FEA73-5A8E-4F91-ADA5-76A3733BE5EA}.Release|Any CPU.ActiveCfg = Release|Any CPU
		{5B5FEA73-5A8E-4F91-ADA5-76A3733BE5EA}.Release|Any CPU.Build.0 = Release|Any CPU
	EndGlobalSection
	GlobalSection(SolutionProperties) = preSolution
		HideSolutionNode = FALSE
	EndGlobalSection
EndGlobal
